
Microsoft Visual Studio Solution File, Format Version 12.00
# Visual Studio Version 17
VisualStudioVersion = 17.11.35222.181
MinimumVisualStudioVersion = 10.0.40219.1
Project("{FAE04EC0-301F-11D3-BF4B-00C04F79EFBC}") = "Gestor de contraseñas", "Gestor de contraseñas\Gestor de contraseñas.csproj", "{D5F8E364-A6C1-427D-ADF5-950504E66D71}"
EndProject
Global
	GlobalSection(SolutionConfigurationPlatforms) = preSolution
		Debug|Any CPU = Debug|Any CPU
		Release|Any CPU = Release|Any CPU
	EndGlobalSection
	GlobalSection(ProjectConfigurationPlatforms) = postSolution
		{D5F8E364-A6C1-427D-ADF5-950504E66D71}.Debug|Any CPU.ActiveCfg = Debug|Any CPU
		{D5F8E364-A6C1-427D-ADF5-950504E66D71}.Debug|Any CPU.Build.0 = Debug|Any CPU
		{D5F8E364-A6C1-427D-ADF5-950504E66D71}.Release|Any CPU.ActiveCfg = Release|Any CPU
		{D5F8E364-A6C1-427D-ADF5-950504E66D71}.Release|Any CPU.Build.0 = Release|Any CPU
	EndGlobalSection
	GlobalSection(SolutionProperties) = preSolution
		HideSolutionNode = FALSE
	EndGlobalSection
	GlobalSection(ExtensibilityGlobals) = postSolution
		SolutionGuid = {9A04F2D4-5779-4A4D-989F-233C9538B623}
	EndGlobalSection
EndGlobal
